
Microsoft Visual Studio Solution File, Format Version 12.00
# Visual Studio Version 16
VisualStudioVersion = 16.0.31424.327
MinimumVisualStudioVersion = 10.0.40219.1
Project("{FAE04EC0-301F-11D3-BF4B-00C04F79EFBC}") = "ShowPlayStats", "DeathsCounter\ShowPlayStats.csproj", "{EC2BA238-6A54-44CF-A54A-0C4E96BB67C2}"
EndProject
Global
	GlobalSection(SolutionConfigurationPlatforms) = preSolution
		Debug|Any CPU = Debug|Any CPU
		Release|Any CPU = Release|Any CPU
	EndGlobalSection
	GlobalSection(ProjectConfigurationPlatforms) = postSolution
		{EC2BA238-6A54-44CF-A54A-0C4E96BB67C2}.Debug|Any CPU.ActiveCfg = Debug|Any CPU
		{EC2BA238-6A54-44CF-A54A-0C4E96BB67C2}.Debug|Any CPU.Build.0 = Debug|Any CPU
		{EC2BA238-6A54-44CF-A54A-0C4E96BB67C2}.Release|Any CPU.ActiveCfg = Release|Any CPU
		{EC2BA238-6A54-44CF-A54A-0C4E96BB67C2}.Release|Any CPU.Build.0 = Release|Any CPU
	EndGlobalSection
	GlobalSection(SolutionProperties) = preSolution
		HideSolutionNode = FALSE
	EndGlobalSection
	GlobalSection(ExtensibilityGlobals) = postSolution
		SolutionGuid = {320D461D-5B11-4CBD-A075-7D0F63EDD3B8}
	EndGlobalSection
EndGlobal
